PODS:
  - SVProgressHUD (2.1.2)
  - SwiftDate (4.1.0)

DEPENDENCIES:
  - SVProgressHUD
  - SwiftDate

SPEC CHECKSUMS:
  SVProgressHUD: c404a55d78acbeb7ebb78b76d3faf986475a6994
  SwiftDate: 1cb9a0a930a1f0fff392806829fed0ee370ff94f

PODFILE CHECKSUM: dfed3c524560580c836fd7e8ec4523de1d2c70ea

COCOAPODS: 1.2.0
