// !$*UTF8*$!
{
	archiveVersion = 1;
	classes = {
	};
	objectVersion = 46;
	objects = {

/* Begin PBXBuildFile section */
		245C69EAA2C2F55848FD217D /* Pods_FeatherPad.framework in Frameworks */ = {isa = PBXBuildFile; fileRef = 95C400E1BB33CD26D0864616 /* Pods_FeatherPad.framework */; };
		640025597103AF9FCE3EE913 /* Pods_FeatherPadTests.framework in Frameworks */ = {isa = PBXBuildFile; fileRef = 64DBC094D6C08BAF2353D4E5 /* Pods_FeatherPadTests.framework */; };
		D508790E1EDF887F00F11156 /* LoginTextField.swift in Sources */ = {isa = PBXBuildFile; fileRef = D508790D1EDF887F00F11156 /* LoginTextField.swift */; };
		D52065191EE0F2DB00CB155C /* BaseNavigationController.swift in Sources */ = {isa = PBXBuildFile; fileRef = D52065181EE0F2DB00CB155C /* BaseNavigationController.swift */; };
		D5375B1D1EDD34FD00FB45A5 /* FeatherPadClient.swift in Sources */ = {isa = PBXBuildFile; fileRef = D5375B1C1EDD34FD00FB45A5 /* FeatherPadClient.swift */; };
		D5584FAE1EE090F8002BF512 /* LaunchScreen.storyboard in Resources */ = {isa = PBXBuildFile; fileRef = D5584FAB1EE090F8002BF512 /* LaunchScreen.storyboard */; };
		D5584FAF1EE090F8002BF512 /* Login.storyboard in Resources */ = {isa = PBXBuildFile; fileRef = D5584FAC1EE090F8002BF512 /* Login.storyboard */; };
		D5584FB01EE090F8002BF512 /* Main.storyboard in Resources */ = {isa = PBXBuildFile; fileRef = D5584FAD1EE090F8002BF512 /* Main.storyboard */; };
		D5708971E3C45C7D2064487A /* Pods_FeatherPadUITests.framework in Frameworks */ = {isa = PBXBuildFile; fileRef = B1A20AE1F4FE1C53B0F3AF39 /* Pods_FeatherPadUITests.framework */; };
		D5D6E7871EDD153B004A0E91 /* AppDelegate.swift in Sources */ = {isa = PBXBuildFile; fileRef = D5D6E7861EDD153B004A0E91 /* AppDelegate.swift */; };
		D5D6E7891EDD153B004A0E91 /* ViewController.swift in Sources */ = {isa = PBXBuildFile; fileRef = D5D6E7881EDD153B004A0E91 /* ViewController.swift */; };
		D5D6E78F1EDD153B004A0E91 /* FeatherPad.xcdatamodeld in Sources */ = {isa = PBXBuildFile; fileRef = D5D6E78D1EDD153B004A0E91 /* FeatherPad.xcdatamodeld */; };
		D5D6E7911EDD153B004A0E91 /* Assets.xcassets in Resources */ = {isa = PBXBuildFile; fileRef = D5D6E7901EDD153B004A0E91 /* Assets.xcassets */; };
		D5D6E79F1EDD153B004A0E91 /* FeatherPadTests.swift in Sources */ = {isa = PBXBuildFile; fileRef = D5D6E79E1EDD153B004A0E91 /* FeatherPadTests.swift */; };
		D5D6E7AA1EDD153C004A0E91 /* FeatherPadUITests.swift in Sources */ = {isa = PBXBuildFile; fileRef = D5D6E7A91EDD153C004A0E91 /* FeatherPadUITests.swift */; };
		D5D6E7BE1EDD162B004A0E91 /* User.swift in Sources */ = {isa = PBXBuildFile; fileRef = D5D6E7BD1EDD162B004A0E91 /* User.swift */; };
		D5D6E7C01EDD1641004A0E91 /* FeatherPadDevice.swift in Sources */ = {isa = PBXBuildFile; fileRef = D5D6E7BF1EDD1641004A0E91 /* FeatherPadDevice.swift */; };
		D5D6E7C21EDD16CE004A0E91 /* ForcePadAlerts.swift in Sources */ = {isa = PBXBuildFile; fileRef = D5D6E7C11EDD16CE004A0E91 /* ForcePadAlerts.swift */; };
		D5D6E7C41EDD1CAC004A0E91 /* LoginViewController.swift in Sources */ = {isa = PBXBuildFile; fileRef = D5D6E7C31EDD1CAC004A0E91 /* LoginViewController.swift */; };
		D5D6E7C81EDD1F50004A0E91 /* LoginButton.swift in Sources */ = {isa = PBXBuildFile; fileRef = D5D6E7C71EDD1F50004A0E91 /* LoginButton.swift */; };
		D5D6E7CB1EDD1FBC004A0E91 /* Common.swift in Sources */ = {isa = PBXBuildFile; fileRef = D5D6E7CA1EDD1FBC004A0E91 /* Common.swift */; };
/* End PBXBuildFile section */

/* Begin PBXContainerItemProxy section */
		D5D6E79B1EDD153B004A0E91 /* PBXContainerItemProxy */ = {
			isa = PBXContainerItemProxy;
			containerPortal = D5D6E77B1EDD153B004A0E91 /* Project object */;
			proxyType = 1;
			remoteGlobalIDString = D5D6E7821EDD153B004A0E91;
			remoteInfo = FeatherPad;
		};
		D5D6E7A61EDD153C004A0E91 /* PBXContainerItemProxy */ = {
			isa = PBXContainerItemProxy;
			containerPortal = D5D6E77B1EDD153B004A0E91 /* Project object */;
			proxyType = 1;
			remoteGlobalIDString = D5D6E7821EDD153B004A0E91;
			remoteInfo = FeatherPad;
		};
/* End PBXContainerItemProxy section */

/* Begin PBXFileReference section */
		10D7E20FDD11691E7005953A /* Pods-FeatherPad.release.xcconfig */ = {isa = PBXFileReference; includeInIndex = 1; lastKnownFileType = text.xcconfig; name = "Pods-FeatherPad.release.xcconfig"; path = "Pods/Target Support Files/Pods-FeatherPad/Pods-FeatherPad.release.xcconfig"; sourceTree = "<group>"; };
		205A91D3B53B9F44412C6340 /* Pods-FeatherPadUITests.debug.xcconfig */ = {isa = PBXFileReference; includeInIndex = 1; lastKnownFileType = text.xcconfig; name = "Pods-FeatherPadUITests.debug.xcconfig"; path = "Pods/Target Support Files/Pods-FeatherPadUITests/Pods-FeatherPadUITests.debug.xcconfig"; sourceTree = "<group>"; };
		20DE889546DCBDCCA60AA507 /* Pods-FeatherPadUITests.release.xcconfig */ = {isa = PBXFileReference; includeInIndex = 1; lastKnownFileType = text.xcconfig; name = "Pods-FeatherPadUITests.release.xcconfig"; path = "Pods/Target Support Files/Pods-FeatherPadUITests/Pods-FeatherPadUITests.release.xcconfig"; sourceTree = "<group>"; };
		2C5750ED910026F417808D68 /* Pods-FeatherPad.debug.xcconfig */ = {isa = PBXFileReference; includeInIndex = 1; lastKnownFileType = text.xcconfig; name = "Pods-FeatherPad.debug.xcconfig"; path = "Pods/Target Support Files/Pods-FeatherPad/Pods-FeatherPad.debug.xcconfig"; sourceTree = "<group>"; };
		64DBC094D6C08BAF2353D4E5 /* Pods_FeatherPadTests.framework */ = {isa = PBXFileReference; explicitFileType = wrapper.framework; includeInIndex = 0; path = Pods_FeatherPadTests.framework; sourceTree = BUILT_PRODUCTS_DIR; };
		95C400E1BB33CD26D0864616 /* Pods_FeatherPad.framework */ = {isa = PBXFileReference; explicitFileType = wrapper.framework; includeInIndex = 0; path = Pods_FeatherPad.framework; sourceTree = BUILT_PRODUCTS_DIR; };
		AD05BECC91D3CDC797AF097C /* Pods-FeatherPadTests.release.xcconfig */ = {isa = PBXFileReference; includeInIndex = 1; lastKnownFileType = text.xcconfig; name = "Pods-FeatherPadTests.release.xcconfig"; path = "Pods/Target Support Files/Pods-FeatherPadTests/Pods-FeatherPadTests.release.xcconfig"; sourceTree = "<group>"; };
		B1A20AE1F4FE1C53B0F3AF39 /* Pods_FeatherPadUITests.framework */ = {isa = PBXFileReference; explicitFileType = wrapper.framework; includeInIndex = 0; path = Pods_FeatherPadUITests.framework; sourceTree = BUILT_PRODUCTS_DIR; };
		D508790D1EDF887F00F11156 /* LoginTextField.swift */ = {isa = PBXFileReference; fileEncoding = 4; lastKnownFileType = sourcecode.swift; name = LoginTextField.swift; path = UI/Views/LoginTextField.swift; sourceTree = "<group>"; };
		D52065181EE0F2DB00CB155C /* BaseNavigationController.swift */ = {isa = PBXFileReference; fileEncoding = 4; lastKnownFileType = sourcecode.swift; name = BaseNavigationController.swift; path = "UI/View Controllers/BaseNavigationController.swift"; sourceTree = "<group>"; };
		D5375B1C1EDD34FD00FB45A5 /* FeatherPadClient.swift */ = {isa = PBXFileReference; fileEncoding = 4; lastKnownFileType = sourcecode.swift; name = FeatherPadClient.swift; path = API/FeatherPadClient.swift; sourceTree = "<group>"; };
		D5584FAB1EE090F8002BF512 /* LaunchScreen.storyboard */ = {isa = PBXFileReference; fileEncoding = 4; lastKnownFileType = file.storyboard; name = LaunchScreen.storyboard; path = UI/Storyboards/LaunchScreen.storyboard; sourceTree = "<group>"; };
		D5584FAC1EE090F8002BF512 /* Login.storyboard */ = {isa = PBXFileReference; fileEncoding = 4; lastKnownFileType = file.storyboard; name = Login.storyboard; path = UI/Storyboards/Login.storyboard; sourceTree = "<group>"; };
		D5584FAD1EE090F8002BF512 /* Main.storyboard */ = {isa = PBXFileReference; fileEncoding = 4; lastKnownFileType = file.storyboard; name = Main.storyboard; path = UI/Storyboards/Main.storyboard; sourceTree = "<group>"; };
		D5D6E7831EDD153B004A0E91 /* FeatherPad.app */ = {isa = PBXFileReference; explicitFileType = wrapper.application; includeInIndex = 0; path = FeatherPad.app; sourceTree = BUILT_PRODUCTS_DIR; };
		D5D6E7861EDD153B004A0E91 /* AppDelegate.swift */ = {isa = PBXFileReference; lastKnownFileType = sourcecode.swift; path = AppDelegate.swift; sourceTree = "<group>"; };
		D5D6E7881EDD153B004A0E91 /* ViewController.swift */ = {isa = PBXFileReference; lastKnownFileType = sourcecode.swift; name = ViewController.swift; path = "UI/View Controllers/ViewController.swift"; sourceTree = "<group>"; };
		D5D6E78E1EDD153B004A0E91 /* FeatherPad.xcdatamodel */ = {isa = PBXFileReference; lastKnownFileType = wrapper.xcdatamodel; path = FeatherPad.xcdatamodel; sourceTree = "<group>"; };
		D5D6E7901EDD153B004A0E91 /* Assets.xcassets */ = {isa = PBXFileReference; lastKnownFileType = folder.assetcatalog; path = Assets.xcassets; sourceTree = "<group>"; };
		D5D6E7951EDD153B004A0E91 /* Info.plist */ = {isa = PBXFileReference; lastKnownFileType = text.plist.xml; path = Info.plist; sourceTree = "<group>"; };
		D5D6E79A1EDD153B004A0E91 /* FeatherPadTests.xctest */ = {isa = PBXFileReference; explicitFileType = wrapper.cfbundle; includeInIndex = 0; path = FeatherPadTests.xctest; sourceTree = BUILT_PRODUCTS_DIR; };
		D5D6E79E1EDD153B004A0E91 /* FeatherPadTests.swift */ = {isa = PBXFileReference; lastKnownFileType = sourcecode.swift; path = FeatherPadTests.swift; sourceTree = "<group>"; };
		D5D6E7A01EDD153B004A0E91 /* Info.plist */ = {isa = PBXFileReference; lastKnownFileType = text.plist.xml; path = Info.plist; sourceTree = "<group>"; };
		D5D6E7A51EDD153B004A0E91 /* FeatherPadUITests.xctest */ = {isa = PBXFileReference; explicitFileType = wrapper.cfbundle; includeInIndex = 0; path = FeatherPadUITests.xctest; sourceTree = BUILT_PRODUCTS_DIR; };
		D5D6E7A91EDD153C004A0E91 /* FeatherPadUITests.swift */ = {isa = PBXFileReference; lastKnownFileType = sourcecode.swift; path = FeatherPadUITests.swift; sourceTree = "<group>"; };
		D5D6E7AB1EDD153C004A0E91 /* Info.plist */ = {isa = PBXFileReference; lastKnownFileType = text.plist.xml; path = Info.plist; sourceTree = "<group>"; };
		D5D6E7BD1EDD162B004A0E91 /* User.swift */ = {isa = PBXFileReference; fileEncoding = 4; lastKnownFileType = sourcecode.swift; name = User.swift; path = Models/User.swift; sourceTree = "<group>"; };
		D5D6E7BF1EDD1641004A0E91 /* FeatherPadDevice.swift */ = {isa = PBXFileReference; fileEncoding = 4; lastKnownFileType = sourcecode.swift; name = FeatherPadDevice.swift; path = Models/FeatherPadDevice.swift; sourceTree = "<group>"; };
		D5D6E7C11EDD16CE004A0E91 /* ForcePadAlerts.swift */ = {isa = PBXFileReference; fileEncoding = 4; lastKnownFileType = sourcecode.swift; name = ForcePadAlerts.swift; path = Models/ForcePadAlerts.swift; sourceTree = "<group>"; };
		D5D6E7C31EDD1CAC004A0E91 /* LoginViewController.swift */ = {isa = PBXFileReference; fileEncoding = 4; lastKnownFileType = sourcecode.swift; name = LoginViewController.swift; path = "UI/View Controllers/LoginViewController.swift"; sourceTree = "<group>"; };
		D5D6E7C71EDD1F50004A0E91 /* LoginButton.swift */ = {isa = PBXFileReference; fileEncoding = 4; lastKnownFileType = sourcecode.swift; name = LoginButton.swift; path = UI/Views/LoginButton.swift; sourceTree = "<group>"; };
		D5D6E7CA1EDD1FBC004A0E91 /* Common.swift */ = {isa = PBXFileReference; fileEncoding = 4; lastKnownFileType = sourcecode.swift; name = Common.swift; path = "Supporting Files/Common.swift"; sourceTree = "<group>"; };
		DE3E84C9790322A215A570EB /* Pods-FeatherPadTests.debug.xcconfig */ = {isa = PBXFileReference; includeInIndex = 1; lastKnownFileType = text.xcconfig; name = "Pods-FeatherPadTests.debug.xcconfig"; path = "Pods/Target Support Files/Pods-FeatherPadTests/Pods-FeatherPadTests.debug.xcconfig"; sourceTree = "<group>"; };
/* End PBXFileReference section */

/* Begin PBXFrameworksBuildPhase section */
		D5D6E7801EDD153B004A0E91 /* Frameworks */ = {
			isa = PBXFrameworksBuildPhase;
			buildActionMask = 2147483647;
			files = (
				245C69EAA2C2F55848FD217D /* Pods_FeatherPad.framework in Frameworks */,
			);
			runOnlyForDeploymentPostprocessing = 0;
		};
		D5D6E7971EDD153B004A0E91 /* Frameworks */ = {
			isa = PBXFrameworksBuildPhase;
			buildActionMask = 2147483647;
			files = (
				640025597103AF9FCE3EE913 /* Pods_FeatherPadTests.framework in Frameworks */,
			);
			runOnlyForDeploymentPostprocessing = 0;
		};
		D5D6E7A21EDD153B004A0E91 /* Frameworks */ = {
			isa = PBXFrameworksBuildPhase;
			buildActionMask = 2147483647;
			files = (
				D5708971E3C45C7D2064487A /* Pods_FeatherPadUITests.framework in Frameworks */,
			);
			runOnlyForDeploymentPostprocessing = 0;
		};
/* End PBXFrameworksBuildPhase section */

/* Begin PBXGroup section */
		7433F01F7CFE59BAE62F5347 /* Pods */ = {
			isa = PBXGroup;
			children = (
				2C5750ED910026F417808D68 /* Pods-FeatherPad.debug.xcconfig */,
				10D7E20FDD11691E7005953A /* Pods-FeatherPad.release.xcconfig */,
				DE3E84C9790322A215A570EB /* Pods-FeatherPadTests.debug.xcconfig */,
				AD05BECC91D3CDC797AF097C /* Pods-FeatherPadTests.release.xcconfig */,
				205A91D3B53B9F44412C6340 /* Pods-FeatherPadUITests.debug.xcconfig */,
				20DE889546DCBDCCA60AA507 /* Pods-FeatherPadUITests.release.xcconfig */,
			);
			name = Pods;
			sourceTree = "<group>";
		};
		8474677500D1632D88F0F070 /* Frameworks */ = {
			isa = PBXGroup;
			children = (
				95C400E1BB33CD26D0864616 /* Pods_FeatherPad.framework */,
				64DBC094D6C08BAF2353D4E5 /* Pods_FeatherPadTests.framework */,
				B1A20AE1F4FE1C53B0F3AF39 /* Pods_FeatherPadUITests.framework */,
			);
			name = Frameworks;
			sourceTree = "<group>";
		};
		D5375B1E1EDD350D00FB45A5 /* API */ = {
			isa = PBXGroup;
			children = (
				D5375B1C1EDD34FD00FB45A5 /* FeatherPadClient.swift */,
			);
			name = API;
			sourceTree = "<group>";
		};
		D5D6E77A1EDD153B004A0E91 = {
			isa = PBXGroup;
			children = (
				D5D6E7851EDD153B004A0E91 /* FeatherPad */,
				D5D6E79D1EDD153B004A0E91 /* FeatherPadTests */,
				D5D6E7A81EDD153C004A0E91 /* FeatherPadUITests */,
				D5D6E7841EDD153B004A0E91 /* Products */,
				7433F01F7CFE59BAE62F5347 /* Pods */,
				8474677500D1632D88F0F070 /* Frameworks */,
			);
			sourceTree = "<group>";
		};
		D5D6E7841EDD153B004A0E91 /* Products */ = {
			isa = PBXGroup;
			children = (
				D5D6E7831EDD153B004A0E91 /* FeatherPad.app */,
				D5D6E79A1EDD153B004A0E91 /* FeatherPadTests.xctest */,
				D5D6E7A51EDD153B004A0E91 /* FeatherPadUITests.xctest */,
			);
			name = Products;
			sourceTree = "<group>";
		};
		D5D6E7851EDD153B004A0E91 /* FeatherPad */ = {
			isa = PBXGroup;
			children = (
				D5D6E7861EDD153B004A0E91 /* AppDelegate.swift */,
				D5375B1E1EDD350D00FB45A5 /* API */,
				D5D6E7B81EDD1555004A0E91 /* UI */,
				D5D6E7B71EDD154E004A0E91 /* Models */,
				D5D6E7C91EDD1F9A004A0E91 /* Supporting Files */,
				D5D6E7901EDD153B004A0E91 /* Assets.xcassets */,
				D5D6E7951EDD153B004A0E91 /* Info.plist */,
				D5D6E78D1EDD153B004A0E91 /* FeatherPad.xcdatamodeld */,
			);
			path = FeatherPad;
			sourceTree = "<group>";
		};
		D5D6E79D1EDD153B004A0E91 /* FeatherPadTests */ = {
			isa = PBXGroup;
			children = (
				D5D6E79E1EDD153B004A0E91 /* FeatherPadTests.swift */,
				D5D6E7A01EDD153B004A0E91 /* Info.plist */,
			);
			path = FeatherPadTests;
			sourceTree = "<group>";
		};
		D5D6E7A81EDD153C004A0E91 /* FeatherPadUITests */ = {
			isa = PBXGroup;
			children = (
				D5D6E7A91EDD153C004A0E91 /* FeatherPadUITests.swift */,
				D5D6E7AB1EDD153C004A0E91 /* Info.plist */,
			);
			path = FeatherPadUITests;
			sourceTree = "<group>";
		};
		D5D6E7B71EDD154E004A0E91 /* Models */ = {
			isa = PBXGroup;
			children = (
				D5D6E7BD1EDD162B004A0E91 /* User.swift */,
				D5D6E7BF1EDD1641004A0E91 /* FeatherPadDevice.swift */,
				D5D6E7C11EDD16CE004A0E91 /* ForcePadAlerts.swift */,
			);
			name = Models;
			sourceTree = "<group>";
		};
		D5D6E7B81EDD1555004A0E91 /* UI */ = {
			isa = PBXGroup;
			children = (
				D5D6E7BC1EDD15C1004A0E91 /* Storyboards */,
				D5D6E7BB1EDD1573004A0E91 /* VIews */,
				D5D6E7BA1EDD156A004A0E91 /* View Controllers */,
			);
			name = UI;
			sourceTree = "<group>";
		};
		D5D6E7BA1EDD156A004A0E91 /* View Controllers */ = {
			isa = PBXGroup;
			children = (
				D5D6E7881EDD153B004A0E91 /* ViewController.swift */,
				D5D6E7C31EDD1CAC004A0E91 /* LoginViewController.swift */,
				D52065181EE0F2DB00CB155C /* BaseNavigationController.swift */,
			);
			name = "View Controllers";
			sourceTree = "<group>";
		};
		D5D6E7BB1EDD1573004A0E91 /* VIews */ = {
			isa = PBXGroup;
			children = (
				D5D6E7C71EDD1F50004A0E91 /* LoginButton.swift */,
				D508790D1EDF887F00F11156 /* LoginTextField.swift */,
			);
			name = VIews;
			sourceTree = "<group>";
		};
		D5D6E7BC1EDD15C1004A0E91 /* Storyboards */ = {
			isa = PBXGroup;
			children = (
				D5584FAB1EE090F8002BF512 /* LaunchScreen.storyboard */,
				D5584FAC1EE090F8002BF512 /* Login.storyboard */,
				D5584FAD1EE090F8002BF512 /* Main.storyboard */,
			);
			name = Storyboards;
			sourceTree = "<group>";
		};
		D5D6E7C91EDD1F9A004A0E91 /* Supporting Files */ = {
			isa = PBXGroup;
			children = (
				D5D6E7CA1EDD1FBC004A0E91 /* Common.swift */,
			);
			name = "Supporting Files";
			sourceTree = "<group>";
		};
/* End PBXGroup section */

/* Begin PBXNativeTarget section */
		D5D6E7821EDD153B004A0E91 /* FeatherPad */ = {
			isa = PBXNativeTarget;
			buildConfigurationList = D5D6E7AE1EDD153C004A0E91 /* Build configuration list for PBXNativeTarget "FeatherPad" */;
			buildPhases = (
				6D24205210A1DA19707EF9F4 /* [CP] Check Pods Manifest.lock */,
				D5D6E77F1EDD153B004A0E91 /* Sources */,
				D5D6E7801EDD153B004A0E91 /* Frameworks */,
				D5D6E7811EDD153B004A0E91 /* Resources */,
				004E03405310B10EB61C2AF7 /* [CP] Embed Pods Frameworks */,
				CD899C3CD81E4F1760727C88 /* [CP] Copy Pods Resources */,
			);
			buildRules = (
			);
			dependencies = (
			);
			name = FeatherPad;
			productName = FeatherPad;
			productReference = D5D6E7831EDD153B004A0E91 /* FeatherPad.app */;
			productType = "com.apple.product-type.application";
		};
		D5D6E7991EDD153B004A0E91 /* FeatherPadTests */ = {
			isa = PBXNativeTarget;
			buildConfigurationList = D5D6E7B11EDD153C004A0E91 /* Build configuration list for PBXNativeTarget "FeatherPadTests" */;
			buildPhases = (
				84324D2EE19F1F6DD6480841 /* [CP] Check Pods Manifest.lock */,
				D5D6E7961EDD153B004A0E91 /* Sources */,
				D5D6E7971EDD153B004A0E91 /* Frameworks */,
				D5D6E7981EDD153B004A0E91 /* Resources */,
				4C58D770847603B17CD2F958 /* [CP] Embed Pods Frameworks */,
				C1A5969DA27692E02731C4CB /* [CP] Copy Pods Resources */,
			);
			buildRules = (
			);
			dependencies = (
				D5D6E79C1EDD153B004A0E91 /* PBXTargetDependency */,
			);
			name = FeatherPadTests;
			productName = FeatherPadTests;
			productReference = D5D6E79A1EDD153B004A0E91 /* FeatherPadTests.xctest */;
			productType = "com.apple.product-type.bundle.unit-test";
		};
		D5D6E7A41EDD153B004A0E91 /* FeatherPadUITests */ = {
			isa = PBXNativeTarget;
			buildConfigurationList = D5D6E7B41EDD153C004A0E91 /* Build configuration list for PBXNativeTarget "FeatherPadUITests" */;
			buildPhases = (
				C38B562C4CAD44E063259F14 /* [CP] Check Pods Manifest.lock */,
				D5D6E7A11EDD153B004A0E91 /* Sources */,
				D5D6E7A21EDD153B004A0E91 /* Frameworks */,
				D5D6E7A31EDD153B004A0E91 /* Resources */,
				C5A8924E47CFDF96C489D121 /* [CP] Embed Pods Frameworks */,
				68931314255D21B0ACD28594 /* [CP] Copy Pods Resources */,
			);
			buildRules = (
			);
			dependencies = (
				D5D6E7A71EDD153C004A0E91 /* PBXTargetDependency */,
			);
			name = FeatherPadUITests;
			productName = FeatherPadUITests;
			productReference = D5D6E7A51EDD153B004A0E91 /* FeatherPadUITests.xctest */;
			productType = "com.apple.product-type.bundle.ui-testing";
		};
/* End PBXNativeTarget section */

/* Begin PBXProject section */
		D5D6E77B1EDD153B004A0E91 /* Project object */ = {
			isa = PBXProject;
			attributes = {
				LastSwiftUpdateCheck = 0830;
				LastUpgradeCheck = 0830;
				ORGANIZATIONNAME = nickdonald;
				TargetAttributes = {
					D5D6E7821EDD153B004A0E91 = {
						CreatedOnToolsVersion = 8.3;
						DevelopmentTeam = 3QT27T2PJ3;
						ProvisioningStyle = Automatic;
					};
					D5D6E7991EDD153B004A0E91 = {
						CreatedOnToolsVersion = 8.3;
						DevelopmentTeam = 3QT27T2PJ3;
						ProvisioningStyle = Automatic;
						TestTargetID = D5D6E7821EDD153B004A0E91;
					};
					D5D6E7A41EDD153B004A0E91 = {
						CreatedOnToolsVersion = 8.3;
						DevelopmentTeam = 3QT27T2PJ3;
						ProvisioningStyle = Automatic;
						TestTargetID = D5D6E7821EDD153B004A0E91;
					};
				};
			};
			buildConfigurationList = D5D6E77E1EDD153B004A0E91 /* Build configuration list for PBXProject "FeatherPad" */;
			compatibilityVersion = "Xcode 3.2";
			developmentRegion = English;
			hasScannedForEncodings = 0;
			knownRegions = (
				en,
				Base,
			);
			mainGroup = D5D6E77A1EDD153B004A0E91;
			productRefGroup = D5D6E7841EDD153B004A0E91 /* Products */;
			projectDirPath = "";
			projectRoot = "";
			targets = (
				D5D6E7821EDD153B004A0E91 /* FeatherPad */,
				D5D6E7991EDD153B004A0E91 /* FeatherPadTests */,
				D5D6E7A41EDD153B004A0E91 /* FeatherPadUITests */,
			);
		};
/* End PBXProject section */

/* Begin PBXResourcesBuildPhase section */
		D5D6E7811EDD153B004A0E91 /* Resources */ = {
			isa = PBXResourcesBuildPhase;
			buildActionMask = 2147483647;
			files = (
				D5D6E7911EDD153B004A0E91 /* Assets.xcassets in Resources */,
				D5584FAE1EE090F8002BF512 /* LaunchScreen.storyboard in Resources */,
				D5584FAF1EE090F8002BF512 /* Login.storyboard in Resources */,
				D5584FB01EE090F8002BF512 /* Main.storyboard in Resources */,
			);
			runOnlyForDeploymentPostprocessing = 0;
		};
		D5D6E7981EDD153B004A0E91 /* Resources */ = {
			isa = PBXResourcesBuildPhase;
			buildActionMask = 2147483647;
			files = (
			);
			runOnlyForDeploymentPostprocessing = 0;
		};
		D5D6E7A31EDD153B004A0E91 /* Resources */ = {
			isa = PBXResourcesBuildPhase;
			buildActionMask = 2147483647;
			files = (
			);
			runOnlyForDeploymentPostprocessing = 0;
		};
/* End PBXResourcesBuildPhase section */

/* Begin PBXShellScriptBuildPhase section */
		004E03405310B10EB61C2AF7 /* [CP] Embed Pods Frameworks */ = {
			isa = PBXShellScriptBuildPhase;
			buildActionMask = 2147483647;
			files = (
			);
			inputPaths = (
			);
			name = "[CP] Embed Pods Frameworks";
			outputPaths = (
			);
			runOnlyForDeploymentPostprocessing = 0;
			shellPath = /bin/sh;
			shellScript = "\"${SRCROOT}/Pods/Target Support Files/Pods-FeatherPad/Pods-FeatherPad-frameworks.sh\"\n";
			showEnvVarsInLog = 0;
		};
		4C58D770847603B17CD2F958 /* [CP] Embed Pods Frameworks */ = {
			isa = PBXShellScriptBuildPhase;
			buildActionMask = 2147483647;
			files = (
			);
			inputPaths = (
			);
			name = "[CP] Embed Pods Frameworks";
			outputPaths = (
			);
			runOnlyForDeploymentPostprocessing = 0;
			shellPath = /bin/sh;
			shellScript = "\"${SRCROOT}/Pods/Target Support Files/Pods-FeatherPadTests/Pods-FeatherPadTests-frameworks.sh\"\n";
			showEnvVarsInLog = 0;
		};
		68931314255D21B0ACD28594 /* [CP] Copy Pods Resources */ = {
			isa = PBXShellScriptBuildPhase;
			buildActionMask = 2147483647;
			files = (
			);
			inputPaths = (
			);
			name = "[CP] Copy Pods Resources";
			outputPaths = (
			);
			runOnlyForDeploymentPostprocessing = 0;
			shellPath = /bin/sh;
			shellScript = "\"${SRCROOT}/Pods/Target Support Files/Pods-FeatherPadUITests/Pods-FeatherPadUITests-resources.sh\"\n";
			showEnvVarsInLog = 0;
		};
		6D24205210A1DA19707EF9F4 /* [CP] Check Pods Manifest.lock */ = {
			isa = PBXShellScriptBuildPhase;
			buildActionMask = 2147483647;
			files = (
			);
			inputPaths = (
			);
			name = "[CP] Check Pods Manifest.lock";
			outputPaths = (
			);
			runOnlyForDeploymentPostprocessing = 0;
			shellPath = /bin/sh;
			shellScript = "diff \"${PODS_ROOT}/../Podfile.lock\" \"${PODS_ROOT}/Manifest.lock\" > /dev/null\nif [ $? != 0 ] ; then\n    # print error to STDERR\n    echo \"error: The sandbox is not in sync with the Podfile.lock. Run 'pod install' or update your CocoaPods installation.\" >&2\n    exit 1\nfi\n";
			showEnvVarsInLog = 0;
		};
		84324D2EE19F1F6DD6480841 /* [CP] Check Pods Manifest.lock */ = {
			isa = PBXShellScriptBuildPhase;
			buildActionMask = 2147483647;
			files = (
			);
			inputPaths = (
			);
			name = "[CP] Check Pods Manifest.lock";
			outputPaths = (
			);
			runOnlyForDeploymentPostprocessing = 0;
			shellPath = /bin/sh;
			shellScript = "diff \"${PODS_ROOT}/../Podfile.lock\" \"${PODS_ROOT}/Manifest.lock\" > /dev/null\nif [ $? != 0 ] ; then\n    # print error to STDERR\n    echo \"error: The sandbox is not in sync with the Podfile.lock. Run 'pod install' or update your CocoaPods installation.\" >&2\n    exit 1\nfi\n";
			showEnvVarsInLog = 0;
		};
		C1A5969DA27692E02731C4CB /* [CP] Copy Pods Resources */ = {
			isa = PBXShellScriptBuildPhase;
			buildActionMask = 2147483647;
			files = (
			);
			inputPaths = (
			);
			name = "[CP] Copy Pods Resources";
			outputPaths = (
			);
			runOnlyForDeploymentPostprocessing = 0;
			shellPath = /bin/sh;
			shellScript = "\"${SRCROOT}/Pods/Target Support Files/Pods-FeatherPadTests/Pods-FeatherPadTests-resources.sh\"\n";
			showEnvVarsInLog = 0;
		};
		C38B562C4CAD44E063259F14 /* [CP] Check Pods Manifest.lock */ = {
			isa = PBXShellScriptBuildPhase;
			buildActionMask = 2147483647;
			files = (
			);
			inputPaths = (
			);
			name = "[CP] Check Pods Manifest.lock";
			outputPaths = (
			);
			runOnlyForDeploymentPostprocessing = 0;
			shellPath = /bin/sh;
			shellScript = "diff \"${PODS_ROOT}/../Podfile.lock\" \"${PODS_ROOT}/Manifest.lock\" > /dev/null\nif [ $? != 0 ] ; then\n    # print error to STDERR\n    echo \"error: The sandbox is not in sync with the Podfile.lock. Run 'pod install' or update your CocoaPods installation.\" >&2\n    exit 1\nfi\n";
			showEnvVarsInLog = 0;
		};
		C5A8924E47CFDF96C489D121 /* [CP] Embed Pods Frameworks */ = {
			isa = PBXShellScriptBuildPhase;
			buildActionMask = 2147483647;
			files = (
			);
			inputPaths = (
			);
			name = "[CP] Embed Pods Frameworks";
			outputPaths = (
			);
			runOnlyForDeploymentPostprocessing = 0;
			shellPath = /bin/sh;
			shellScript = "\"${SRCROOT}/Pods/Target Support Files/Pods-FeatherPadUITests/Pods-FeatherPadUITests-frameworks.sh\"\n";
			showEnvVarsInLog = 0;
		};
		CD899C3CD81E4F1760727C88 /* [CP] Copy Pods Resources */ = {
			isa = PBXShellScriptBuildPhase;
			buildActionMask = 2147483647;
			files = (
			);
			inputPaths = (
			);
			name = "[CP] Copy Pods Resources";
			outputPaths = (
			);
			runOnlyForDeploymentPostprocessing = 0;
			shellPath = /bin/sh;
			shellScript = "\"${SRCROOT}/Pods/Target Support Files/Pods-FeatherPad/Pods-FeatherPad-resources.sh\"\n";
			showEnvVarsInLog = 0;
		};
/* End PBXShellScriptBuildPhase section */

/* Begin PBXSourcesBuildPhase section */
		D5D6E77F1EDD153B004A0E91 /* Sources */ = {
			isa = PBXSourcesBuildPhase;
			buildActionMask = 2147483647;
			files = (
				D5D6E7C41EDD1CAC004A0E91 /* LoginViewController.swift in Sources */,
				D5D6E7C81EDD1F50004A0E91 /* LoginButton.swift in Sources */,
				D5D6E7BE1EDD162B004A0E91 /* User.swift in Sources */,
				D5D6E7891EDD153B004A0E91 /* ViewController.swift in Sources */,
				D5D6E7CB1EDD1FBC004A0E91 /* Common.swift in Sources */,
				D5D6E7C21EDD16CE004A0E91 /* ForcePadAlerts.swift in Sources */,
				D508790E1EDF887F00F11156 /* LoginTextField.swift in Sources */,
				D5375B1D1EDD34FD00FB45A5 /* FeatherPadClient.swift in Sources */,
				D52065191EE0F2DB00CB155C /* BaseNavigationController.swift in Sources */,
				D5D6E7871EDD153B004A0E91 /* AppDelegate.swift in Sources */,
				D5D6E7C01EDD1641004A0E91 /* FeatherPadDevice.swift in Sources */,
				D5D6E78F1EDD153B004A0E91 /* FeatherPad.xcdatamodeld in Sources */,
			);
			runOnlyForDeploymentPostprocessing = 0;
		};
		D5D6E7961EDD153B004A0E91 /* Sources */ = {
			isa = PBXSourcesBuildPhase;
			buildActionMask = 2147483647;
			files = (
				D5D6E79F1EDD153B004A0E91 /* FeatherPadTests.swift in Sources */,
			);
			runOnlyForDeploymentPostprocessing = 0;
		};
		D5D6E7A11EDD153B004A0E91 /* Sources */ = {
			isa = PBXSourcesBuildPhase;
			buildActionMask = 2147483647;
			files = (
				D5D6E7AA1EDD153C004A0E91 /* FeatherPadUITests.swift in Sources */,
			);
			runOnlyForDeploymentPostprocessing = 0;
		};
/* End PBXSourcesBuildPhase section */

/* Begin PBXTargetDependency section */
		D5D6E79C1EDD153B004A0E91 /* PBXTargetDependency */ = {
			isa = PBXTargetDependency;
			target = D5D6E7821EDD153B004A0E91 /* FeatherPad */;
			targetProxy = D5D6E79B1EDD153B004A0E91 /* PBXContainerItemProxy */;
		};
		D5D6E7A71EDD153C004A0E91 /* PBXTargetDependency */ = {
			isa = PBXTargetDependency;
			target = D5D6E7821EDD153B004A0E91 /* FeatherPad */;
			targetProxy = D5D6E7A61EDD153C004A0E91 /* PBXContainerItemProxy */;
		};
/* End PBXTargetDependency section */

/* Begin XCBuildConfiguration section */
		D5D6E7AC1EDD153C004A0E91 /* Debug */ = {
			isa = XCBuildConfiguration;
			buildSettings = {
				ALWAYS_SEARCH_USER_PATHS = NO;
				CLANG_ANALYZER_NONNULL = YES;
				CLANG_ANALYZER_NUMBER_OBJECT_CONVERSION = YES_AGGRESSIVE;
				CLANG_CXX_LANGUAGE_STANDARD = "gnu++0x";
				CLANG_CXX_LIBRARY = "libc++";
				CLANG_ENABLE_MODULES = YES;
				CLANG_ENABLE_OBJC_ARC = YES;
				CLANG_WARN_BOOL_CONVERSION = YES;
				CLANG_WARN_CONSTANT_CONVERSION = YES;
				CLANG_WARN_DIRECT_OBJC_ISA_USAGE = YES_ERROR;
				CLANG_WARN_DOCUMENTATION_COMMENTS = YES;
				CLANG_WARN_EMPTY_BODY = YES;
				CLANG_WARN_ENUM_CONVERSION = YES;
				CLANG_WARN_INFINITE_RECURSION = YES;
				CLANG_WARN_INT_CONVERSION = YES;
				CLANG_WARN_OBJC_ROOT_CLASS = YES_ERROR;
				CLANG_WARN_SUSPICIOUS_MOVE = YES;
				CLANG_WARN_UNREACHABLE_CODE = YES;
				CLANG_WARN__DUPLICATE_METHOD_MATCH = YES;
				"CODE_SIGN_IDENTITY[sdk=iphoneos*]" = "iPhone Developer";
				COPY_PHASE_STRIP = NO;
				DEBUG_INFORMATION_FORMAT = dwarf;
				ENABLE_STRICT_OBJC_MSGSEND = YES;
				ENABLE_TESTABILITY = YES;
				GCC_C_LANGUAGE_STANDARD = gnu99;
				GCC_DYNAMIC_NO_PIC = NO;
				GCC_NO_COMMON_BLOCKS = YES;
				GCC_OPTIMIZATION_LEVEL = 0;
				GCC_PREPROCESSOR_DEFINITIONS = (
					"DEBUG=1",
					"$(inherited)",
				);
				GCC_WARN_64_TO_32_BIT_CONVERSION = YES;
				GCC_WARN_ABOUT_RETURN_TYPE = YES_ERROR;
				GCC_WARN_UNDECLARED_SELECTOR = YES;
				GCC_WARN_UNINITIALIZED_AUTOS = YES_AGGRESSIVE;
				GCC_WARN_UNUSED_FUNCTION = YES;
				GCC_WARN_UNUSED_VARIABLE = YES;
				IPHONEOS_DEPLOYMENT_TARGET = 10.3;
				MTL_ENABLE_DEBUG_INFO = YES;
				ONLY_ACTIVE_ARCH = YES;
				SDKROOT = iphoneos;
				SWIFT_ACTIVE_COMPILATION_CONDITIONS = DEBUG;
				SWIFT_OPTIMIZATION_LEVEL = "-Onone";
			};
			name = Debug;
		};
		D5D6E7AD1EDD153C004A0E91 /* Release */ = {
			isa = XCBuildConfiguration;
			buildSettings = {
				ALWAYS_SEARCH_USER_PATHS = NO;
				CLANG_ANALYZER_NONNULL = YES;
				CLANG_ANALYZER_NUMBER_OBJECT_CONVERSION = YES_AGGRESSIVE;
				CLANG_CXX_LANGUAGE_STANDARD = "gnu++0x";
				CLANG_CXX_LIBRARY = "libc++";
				CLANG_ENABLE_MODULES = YES;
				CLANG_ENABLE_OBJC_ARC = YES;
				CLANG_WARN_BOOL_CONVERSION = YES;
				CLANG_WARN_CONSTANT_CONVERSION = YES;
				CLANG_WARN_DIRECT_OBJC_ISA_USAGE = YES_ERROR;
				CLANG_WARN_DOCUMENTATION_COMMENTS = YES;
				CLANG_WARN_EMPTY_BODY = YES;
				CLANG_WARN_ENUM_CONVERSION = YES;
				CLANG_WARN_INFINITE_RECURSION = YES;
				CLANG_WARN_INT_CONVERSION = YES;
				CLANG_WARN_OBJC_ROOT_CLASS = YES_ERROR;
				CLANG_WARN_SUSPICIOUS_MOVE = YES;
				CLANG_WARN_UNREACHABLE_CODE = YES;
				CLANG_WARN__DUPLICATE_METHOD_MATCH = YES;
				"CODE_SIGN_IDENTITY[sdk=iphoneos*]" = "iPhone Developer";
				COPY_PHASE_STRIP = NO;
				DEBUG_INFORMATION_FORMAT = "dwarf-with-dsym";
				ENABLE_NS_ASSERTIONS = NO;
				ENABLE_STRICT_OBJC_MSGSEND = YES;
				GCC_C_LANGUAGE_STANDARD = gnu99;
				GCC_NO_COMMON_BLOCKS = YES;
				GCC_WARN_64_TO_32_BIT_CONVERSION = YES;
				GCC_WARN_ABOUT_RETURN_TYPE = YES_ERROR;
				GCC_WARN_UNDECLARED_SELECTOR = YES;
				GCC_WARN_UNINITIALIZED_AUTOS = YES_AGGRESSIVE;
				GCC_WARN_UNUSED_FUNCTION = YES;
				GCC_WARN_UNUSED_VARIABLE = YES;
				IPHONEOS_DEPLOYMENT_TARGET = 10.3;
				MTL_ENABLE_DEBUG_INFO = NO;
				SDKROOT = iphoneos;
				SWIFT_OPTIMIZATION_LEVEL = "-Owholemodule";
				VALIDATE_PRODUCT = YES;
			};
			name = Release;
		};
		D5D6E7AF1EDD153C004A0E91 /* Debug */ = {
			isa = XCBuildConfiguration;
			baseConfigurationReference = 2C5750ED910026F417808D68 /* Pods-FeatherPad.debug.xcconfig */;
			buildSettings = {
				ASSETCATALOG_COMPILER_APPICON_NAME = AppIcon;
				DEVELOPMENT_TEAM = 3QT27T2PJ3;
				INFOPLIST_FILE = FeatherPad/Info.plist;
				LD_RUNPATH_SEARCH_PATHS = "$(inherited) @executable_path/Frameworks";
				PRODUCT_BUNDLE_IDENTIFIER = com.nickdonald.FeatherPad;
				PRODUCT_NAME = "$(TARGET_NAME)";
				SWIFT_VERSION = 3.0;
			};
			name = Debug;
		};
		D5D6E7B01EDD153C004A0E91 /* Release */ = {
			isa = XCBuildConfiguration;
			baseConfigurationReference = 10D7E20FDD11691E7005953A /* Pods-FeatherPad.release.xcconfig */;
			buildSettings = {
				ASSETCATALOG_COMPILER_APPICON_NAME = AppIcon;
				DEVELOPMENT_TEAM = 3QT27T2PJ3;
				INFOPLIST_FILE = FeatherPad/Info.plist;
				LD_RUNPATH_SEARCH_PATHS = "$(inherited) @executable_path/Frameworks";
				PRODUCT_BUNDLE_IDENTIFIER = com.nickdonald.FeatherPad;
				PRODUCT_NAME = "$(TARGET_NAME)";
				SWIFT_VERSION = 3.0;
			};
			name = Release;
		};
		D5D6E7B21EDD153C004A0E91 /* Debug */ = {
			isa = XCBuildConfiguration;
			baseConfigurationReference = DE3E84C9790322A215A570EB /* Pods-FeatherPadTests.debug.xcconfig */;
			buildSettings = {
				ALWAYS_EMBED_SWIFT_STANDARD_LIBRARIES = YES;
				BUNDLE_LOADER = "$(TEST_HOST)";
				DEVELOPMENT_TEAM = 3QT27T2PJ3;
				INFOPLIST_FILE = FeatherPadTests/Info.plist;
				LD_RUNPATH_SEARCH_PATHS = "$(inherited) @executable_path/Frameworks @loader_path/Frameworks";
				PRODUCT_BUNDLE_IDENTIFIER = com.nickdonald.FeatherPadTests;
				PRODUCT_NAME = "$(TARGET_NAME)";
				SWIFT_VERSION = 3.0;
				TEST_HOST = "$(BUILT_PRODUCTS_DIR)/FeatherPad.app/FeatherPad";
			};
			name = Debug;
		};
		D5D6E7B31EDD153C004A0E91 /* Release */ = {
			isa = XCBuildConfiguration;
			baseConfigurationReference = AD05BECC91D3CDC797AF097C /* Pods-FeatherPadTests.release.xcconfig */;
			buildSettings = {
				ALWAYS_EMBED_SWIFT_STANDARD_LIBRARIES = YES;
				BUNDLE_LOADER = "$(TEST_HOST)";
				DEVELOPMENT_TEAM = 3QT27T2PJ3;
				INFOPLIST_FILE = FeatherPadTests/Info.plist;
				LD_RUNPATH_SEARCH_PATHS = "$(inherited) @executable_path/Frameworks @loader_path/Frameworks";
				PRODUCT_BUNDLE_IDENTIFIER = com.nickdonald.FeatherPadTests;
				PRODUCT_NAME = "$(TARGET_NAME)";
				SWIFT_VERSION = 3.0;
				TEST_HOST = "$(BUILT_PRODUCTS_DIR)/FeatherPad.app/FeatherPad";
			};
			name = Release;
		};
		D5D6E7B51EDD153C004A0E91 /* Debug */ = {
			isa = XCBuildConfiguration;
			baseConfigurationReference = 205A91D3B53B9F44412C6340 /* Pods-FeatherPadUITests.debug.xcconfig */;
			buildSettings = {
				ALWAYS_EMBED_SWIFT_STANDARD_LIBRARIES = YES;
				DEVELOPMENT_TEAM = 3QT27T2PJ3;
				INFOPLIST_FILE = FeatherPadUITests/Info.plist;
				LD_RUNPATH_SEARCH_PATHS = "$(inherited) @executable_path/Frameworks @loader_path/Frameworks";
				PRODUCT_BUNDLE_IDENTIFIER = com.nickdonald.FeatherPadUITests;
				PRODUCT_NAME = "$(TARGET_NAME)";
				SWIFT_VERSION = 3.0;
				TEST_TARGET_NAME = FeatherPad;
			};
			name = Debug;
		};
		D5D6E7B61EDD153C004A0E91 /* Release */ = {
			isa = XCBuildConfiguration;
			baseConfigurationReference = 20DE889546DCBDCCA60AA507 /* Pods-FeatherPadUITests.release.xcconfig */;
			buildSettings = {
				ALWAYS_EMBED_SWIFT_STANDARD_LIBRARIES = YES;
				DEVELOPMENT_TEAM = 3QT27T2PJ3;
				INFOPLIST_FILE = FeatherPadUITests/Info.plist;
				LD_RUNPATH_SEARCH_PATHS = "$(inherited) @executable_path/Frameworks @loader_path/Frameworks";
				PRODUCT_BUNDLE_IDENTIFIER = com.nickdonald.FeatherPadUITests;
				PRODUCT_NAME = "$(TARGET_NAME)";
				SWIFT_VERSION = 3.0;
				TEST_TARGET_NAME = FeatherPad;
			};
			name = Release;
		};
/* End XCBuildConfiguration section */

/* Begin XCConfigurationList section */
		D5D6E77E1EDD153B004A0E91 /* Build configuration list for PBXProject "FeatherPad" */ = {
			isa = XCConfigurationList;
			buildConfigurations = (
				D5D6E7AC1EDD153C004A0E91 /* Debug */,
				D5D6E7AD1EDD153C004A0E91 /* Release */,
			);
			defaultConfigurationIsVisible = 0;
			defaultConfigurationName = Release;
		};
		D5D6E7AE1EDD153C004A0E91 /* Build configuration list for PBXNativeTarget "FeatherPad" */ = {
			isa = XCConfigurationList;
			buildConfigurations = (
				D5D6E7AF1EDD153C004A0E91 /* Debug */,
				D5D6E7B01EDD153C004A0E91 /* Release */,
			);
			defaultConfigurationIsVisible = 0;
			defaultConfigurationName = Release;
		};
		D5D6E7B11EDD153C004A0E91 /* Build configuration list for PBXNativeTarget "FeatherPadTests" */ = {
			isa = XCConfigurationList;
			buildConfigurations = (
				D5D6E7B21EDD153C004A0E91 /* Debug */,
				D5D6E7B31EDD153C004A0E91 /* Release */,
			);
			defaultConfigurationIsVisible = 0;
			defaultConfigurationName = Release;
		};
		D5D6E7B41EDD153C004A0E91 /* Build configuration list for PBXNativeTarget "FeatherPadUITests" */ = {
			isa = XCConfigurationList;
			buildConfigurations = (
				D5D6E7B51EDD153C004A0E91 /* Debug */,
				D5D6E7B61EDD153C004A0E91 /* Release */,
			);
			defaultConfigurationIsVisible = 0;
			defaultConfigurationName = Release;
		};
/* End XCConfigurationList section */

/* Begin XCVersionGroup section */
		D5D6E78D1EDD153B004A0E91 /* FeatherPad.xcdatamodeld */ = {
			isa = XCVersionGroup;
			children = (
				D5D6E78E1EDD153B004A0E91 /* FeatherPad.xcdatamodel */,
			);
			currentVersion = D5D6E78E1EDD153B004A0E91 /* FeatherPad.xcdatamodel */;
			path = FeatherPad.xcdatamodeld;
			sourceTree = "<group>";
			versionGroupType = wrapper.xcdatamodel;
		};
/* End XCVersionGroup section */
	};
	rootObject = D5D6E77B1EDD153B004A0E91 /* Project object */;
}
